
Microsoft Visual Studio Solution File, Format Version 12.00
# Visual Studio 15
VisualStudioVersion = 15.0.28307.902
MinimumVisualStudioVersion = 10.0.40219.1
Project("{9A19103F-16F7-4668-BE54-9A1E7A4F7556}") = "DirectVehicleControl", "DirectVehicleControl.csproj", "{224275A1-C274-413E-930A-9CC8A2DD37F1}"
EndProject
Global
	GlobalSection(SolutionConfigurationPlatforms) = preSolution
		Debug|Any CPU = Debug|Any CPU
		Release|Any CPU = Release|Any CPU
	EndGlobalSection
	GlobalSection(ProjectConfigurationPlatforms) = postSolution
		{224275A1-C274-413E-930A-9CC8A2DD37F1}.Debug|Any CPU.ActiveCfg = Debug|Any CPU
		{224275A1-C274-413E-930A-9CC8A2DD37F1}.Debug|Any CPU.Build.0 = Debug|Any CPU
		{224275A1-C274-413E-930A-9CC8A2DD37F1}.Release|Any CPU.ActiveCfg = Release|Any CPU
		{224275A1-C274-413E-930A-9CC8A2DD37F1}.Release|Any CPU.Build.0 = Release|Any CPU
	EndGlobalSection
	GlobalSection(SolutionProperties) = preSolution
		HideSolutionNode = FALSE
	EndGlobalSection
	GlobalSection(ExtensibilityGlobals) = postSolution
		SolutionGuid = {2585836B-3C47-4F1B-A0D9-9E42B1A85765}
	EndGlobalSection
EndGlobal
